Microsoft Visual Studio Solution File, Format Version 12.00
# Visual Studio 2013
VisualStudioVersion = 12.0.31101.0
MinimumVisualStudioVersion = 10.0.40219.1
Project("{FAE04EC0-301F-11D3-BF4B-00C04F79EFBC}") = "sitefoundry", "sitefoundry\sitefoundry.csproj", "{E3C92E2C-B54C-44E9-BC21-5D94D22F95B3}"
EndProject
Global
	GlobalSection(SolutionConfigurationPlatforms) = preSolution
		Debug|Any CPU = Debug|Any CPU
		Release|Any CPU = Release|Any CPU
	EndGlobalSection
	GlobalSection(ProjectConfigurationPlatforms) = postSolution
		{E3C92E2C-B54C-44E9-BC21-5D94D22F95B3}.Debug|Any CPU.ActiveCfg = Debug|Any CPU
		{E3C92E2C-B54C-44E9-BC21-5D94D22F95B3}.Debug|Any CPU.Build.0 = Debug|Any CPU
		{E3C92E2C-B54C-44E9-BC21-5D94D22F95B3}.Release|Any CPU.ActiveCfg = Release|Any CPU
		{E3C92E2C-B54C-44E9-BC21-5D94D22F95B3}.Release|Any CPU.Build.0 = Release|Any CPU
	EndGlobalSection
	GlobalSection(SolutionProperties) = preSolution
		HideSolutionNode = FALSE
	EndGlobalSection
EndGlobal
